
Microsoft Visual Studio Solution File, Format Version 12.00
# Visual Studio 15
VisualStudioVersion = 15.0.28307.329
MinimumVisualStudioVersion = 10.0.40219.1
Project("{FAE04EC0-301F-11D3-BF4B-00C04F79EFBC}") = "Projet1", "Projet1\Projet1.csproj", "{78D094E3-D5B3-4BAF-B044-748C798B513F}"
EndProject
Global
	GlobalSection(SolutionConfigurationPlatforms) = preSolution
		Debug|Any CPU = Debug|Any CPU
		Release|Any CPU = Release|Any CPU
	EndGlobalSection
	GlobalSection(ProjectConfigurationPlatforms) = postSolution
		{78D094E3-D5B3-4BAF-B044-748C798B513F}.Debug|Any CPU.ActiveCfg = Debug|Any CPU
		{78D094E3-D5B3-4BAF-B044-748C798B513F}.Debug|Any CPU.Build.0 = Debug|Any CPU
		{78D094E3-D5B3-4BAF-B044-748C798B513F}.Release|Any CPU.ActiveCfg = Release|Any CPU
		{78D094E3-D5B3-4BAF-B044-748C798B513F}.Release|Any CPU.Build.0 = Release|Any CPU
	EndGlobalSection
	GlobalSection(SolutionProperties) = preSolution
		HideSolutionNode = FALSE
	EndGlobalSection
	GlobalSection(ExtensibilityGlobals) = postSolution
		SolutionGuid = {C5C745C0-BAD3-4018-8F73-7A84490218A0}
	EndGlobalSection
EndGlobal
